
Microsoft Visual Studio Solution File, Format Version 12.00
# Visual Studio Version 17
VisualStudioVersion = 17.8.34330.188
MinimumVisualStudioVersion = 10.0.40219.1
Project("{8BC9CEB8-8B4A-11D0-8D11-00A0C91BC942}") = "mine", "mine.vcxproj", "{F1A56293-60FA-4FDD-B21E-BDF19BB3D504}"
EndProject
Global
	GlobalSection(SolutionConfigurationPlatforms) = preSolution
		Debug|x64 = Debug|x64
		Debug|x86 = Debug|x86
		Release|x64 = Release|x64
		Release|x86 = Release|x86
	EndGlobalSection
	GlobalSection(ProjectConfigurationPlatforms) = postSolution
		{F1A56293-60FA-4FDD-B21E-BDF19BB3D504}.Debug|x64.ActiveCfg = Debug|x64
		{F1A56293-60FA-4FDD-B21E-BDF19BB3D504}.Debug|x64.Build.0 = Debug|x64
		{F1A56293-60FA-4FDD-B21E-BDF19BB3D504}.Debug|x86.ActiveCfg = Debug|Win32
		{F1A56293-60FA-4FDD-B21E-BDF19BB3D504}.Debug|x86.Build.0 = Debug|Win32
		{F1A56293-60FA-4FDD-B21E-BDF19BB3D504}.Release|x64.ActiveCfg = Release|x64
		{F1A56293-60FA-4FDD-B21E-BDF19BB3D504}.Release|x64.Build.0 = Release|x64
		{F1A56293-60FA-4FDD-B21E-BDF19BB3D504}.Release|x86.ActiveCfg = Release|Win32
		{F1A56293-60FA-4FDD-B21E-BDF19BB3D504}.Release|x86.Build.0 = Release|Win32
	EndGlobalSection
	GlobalSection(SolutionProperties) = preSolution
		HideSolutionNode = FALSE
	EndGlobalSection
	GlobalSection(ExtensibilityGlobals) = postSolution
		SolutionGuid = {41CA15F2-8E19-45DC-ABF2-C747698E2111}
	EndGlobalSection
EndGlobal
